
Microsoft Visual Studio Solution File, Format Version 12.00
# Visual Studio Version 17
VisualStudioVersion = 17.9.34723.18
MinimumVisualStudioVersion = 10.0.40219.1
Project("{FAE04EC0-301F-11D3-BF4B-00C04F79EFBC}") = "PRAC", "PRAC\PRAC.csproj", "{2448FF4B-9555-4F4F-A41D-0C36A4C727C9}"
EndProject
Global
	GlobalSection(SolutionConfigurationPlatforms) = preSolution
		Debug|Any CPU = Debug|Any CPU
		Release|Any CPU = Release|Any CPU
	EndGlobalSection
	GlobalSection(ProjectConfigurationPlatforms) = postSolution
		{2448FF4B-9555-4F4F-A41D-0C36A4C727C9}.Debug|Any CPU.ActiveCfg = Debug|Any CPU
		{2448FF4B-9555-4F4F-A41D-0C36A4C727C9}.Debug|Any CPU.Build.0 = Debug|Any CPU
		{2448FF4B-9555-4F4F-A41D-0C36A4C727C9}.Release|Any CPU.ActiveCfg = Release|Any CPU
		{2448FF4B-9555-4F4F-A41D-0C36A4C727C9}.Release|Any CPU.Build.0 = Release|Any CPU
	EndGlobalSection
	GlobalSection(SolutionProperties) = preSolution
		HideSolutionNode = FALSE
	EndGlobalSection
	GlobalSection(ExtensibilityGlobals) = postSolution
		SolutionGuid = {B7E15735-E954-4FAB-AF10-BF6FCD0A5FFD}
	EndGlobalSection
EndGlobal
